
Microsoft Visual Studio Solution File, Format Version 12.00
# Visual Studio Version 17
VisualStudioVersion = 17.7.34221.43
MinimumVisualStudioVersion = 10.0.40219.1
Project("{FAE04EC0-301F-11D3-BF4B-00C04F79EFBC}") = "BasketballResultsScrapper", "BasketballResultsScrapper\BasketballResultsScrapper.csproj", "{81EBC60B-B417-40C8-B531-ADB2D5BA3200}"
EndProject
Global
	GlobalSection(SolutionConfigurationPlatforms) = preSolution
		Debug|Any CPU = Debug|Any CPU
		Release|Any CPU = Release|Any CPU
	EndGlobalSection
	GlobalSection(ProjectConfigurationPlatforms) = postSolution
		{81EBC60B-B417-40C8-B531-ADB2D5BA3200}.Debug|Any CPU.ActiveCfg = Debug|Any CPU
		{81EBC60B-B417-40C8-B531-ADB2D5BA3200}.Debug|Any CPU.Build.0 = Debug|Any CPU
		{81EBC60B-B417-40C8-B531-ADB2D5BA3200}.Release|Any CPU.ActiveCfg = Release|Any CPU
		{81EBC60B-B417-40C8-B531-ADB2D5BA3200}.Release|Any CPU.Build.0 = Release|Any CPU
	EndGlobalSection
	GlobalSection(SolutionProperties) = preSolution
		HideSolutionNode = FALSE
	EndGlobalSection
	GlobalSection(ExtensibilityGlobals) = postSolution
		SolutionGuid = {D886923F-91BB-445B-B6ED-42D60C6B092C}
	EndGlobalSection
EndGlobal
